// !$*UTF8*$!
{
	archiveVersion = 1;
	classes = {
	};
	objectVersion = 50;
	objects = {

/* Begin PBXBuildFile section */
		10202DE5211A4AB9002A436F /* AppDelegate.swift in Sources */ = {isa = PBXBuildFile; fileRef = 10202DE4211A4AB9002A436F /* AppDelegate.swift */; };
		10202DE7211A4AB9002A436F /* ListViewController.swift in Sources */ = {isa = PBXBuildFile; fileRef = 10202DE6211A4AB9002A436F /* ListViewController.swift */; };
		10202DEA211A4AB9002A436F /* Main.storyboard in Resources */ = {isa = PBXBuildFile; fileRef = 10202DE8211A4AB9002A436F /* Main.storyboard */; };
		10202DEC211A4ABB002A436F /* Assets.xcassets in Resources */ = {isa = PBXBuildFile; fileRef = 10202DEB211A4ABB002A436F /* Assets.xcassets */; };
		10202DEF211A4ABB002A436F /* LaunchScreen.storyboard in Resources */ = {isa = PBXBuildFile; fileRef = 10202DED211A4ABB002A436F /* LaunchScreen.storyboard */; };
		109F8190211FC5EF0022E557 /* Item.swift in Sources */ = {isa = PBXBuildFile; fileRef = 109F818F211FC5EF0022E557 /* Item.swift */; };
		109F8192211FC5FB0022E557 /* Category.swift in Sources */ = {isa = PBXBuildFile; fileRef = 109F8191211FC5FB0022E557 /* Category.swift */; };
		109F8194211FCCBD0022E557 /* CategoryViewController.swift in Sources */ = {isa = PBXBuildFile; fileRef = 109F8193211FCCBD0022E557 /* CategoryViewController.swift */; };
		109F81962120CFF60022E557 /* SwipeCellsTableViewController.swift in Sources */ = {isa = PBXBuildFile; fileRef = 109F81952120CFF60022E557 /* SwipeCellsTableViewController.swift */; };
		10A63B01213DE71800782C19 /* Utils.swift in Sources */ = {isa = PBXBuildFile; fileRef = 10A63B00213DE71800782C19 /* Utils.swift */; };
		E508B128546CEAABE3D55CAE /* Pods_Get_it_Done.framework in Frameworks */ = {isa = PBXBuildFile; fileRef = 02A762D104AD70CCBADC11A1 /* Pods_Get_it_Done.framework */; };
/* End PBXBuildFile section */

/* Begin PBXFileReference section */
		02A762D104AD70CCBADC11A1 /* Pods_Get_it_Done.framework */ = {isa = PBXFileReference; explicitFileType = wrapper.framework; includeInIndex = 0; path = Pods_Get_it_Done.framework; sourceTree = BUILT_PRODUCTS_DIR; };
		10202DE1211A4AB9002A436F /* Get-it-Done.app */ = {isa = PBXFileReference; explicitFileType = wrapper.application; includeInIndex = 0; path = "Get-it-Done.app"; sourceTree = BUILT_PRODUCTS_DIR; };
		10202DE4211A4AB9002A436F /* AppDelegate.swift */ = {isa = PBXFileReference; lastKnownFileType = sourcecode.swift; path = AppDelegate.swift; sourceTree = "<group>"; };
		10202DE6211A4AB9002A436F /* ListViewController.swift */ = {isa = PBXFileReference; lastKnownFileType = sourcecode.swift; path = ListViewController.swift; sourceTree = "<group>"; };
		10202DE9211A4AB9002A436F /* Base */ = {isa = PBXFileReference; lastKnownFileType = file.storyboard; name = Base; path = Base.lproj/Main.storyboard; sourceTree = "<group>"; };
		10202DEB211A4ABB002A436F /* Assets.xcassets */ = {isa = PBXFileReference; lastKnownFileType = folder.assetcatalog; path = Assets.xcassets; sourceTree = "<group>"; };
		10202DEE211A4ABB002A436F /* Base */ = {isa = PBXFileReference; lastKnownFileType = file.storyboard; name = Base; path = Base.lproj/LaunchScreen.storyboard; sourceTree = "<group>"; };
		10202DF0211A4ABB002A436F /* Info.plist */ = {isa = PBXFileReference; lastKnownFileType = text.plist.xml; path = Info.plist; sourceTree = "<group>"; };
		109F818F211FC5EF0022E557 /* Item.swift */ = {isa = PBXFileReference; lastKnownFileType = sourcecode.swift; path = Item.swift; sourceTree = "<group>"; };
		109F8191211FC5FB0022E557 /* Category.swift */ = {isa = PBXFileReference; lastKnownFileType = sourcecode.swift; path = Category.swift; sourceTree = "<group>"; };
		109F8193211FCCBD0022E557 /* CategoryViewController.swift */ = {isa = PBXFileReference; lastKnownFileType = sourcecode.swift; path = CategoryViewController.swift; sourceTree = "<group>"; };
		109F81952120CFF60022E557 /* SwipeCellsTableViewController.swift */ = {isa = PBXFileReference; lastKnownFileType = sourcecode.swift; path = SwipeCellsTableViewController.swift; sourceTree = "<group>"; };
		10A63B00213DE71800782C19 /* Utils.swift */ = {isa = PBXFileReference; lastKnownFileType = sourcecode.swift; path = Utils.swift; sourceTree = "<group>"; };
		3A247CF046B99C3B842477BF /* Pods-Get-it-Done.release.xcconfig */ = {isa = PBXFileReference; includeInIndex = 1; lastKnownFileType = text.xcconfig; name = "Pods-Get-it-Done.release.xcconfig"; path = "Pods/Target Support Files/Pods-Get-it-Done/Pods-Get-it-Done.release.xcconfig"; sourceTree = "<group>"; };
		A6A487F46FEE03F2F9366F8D /* Pods-Get-it-Done.debug.xcconfig */ = {isa = PBXFileReference; includeInIndex = 1; lastKnownFileType = text.xcconfig; name = "Pods-Get-it-Done.debug.xcconfig"; path = "Pods/Target Support Files/Pods-Get-it-Done/Pods-Get-it-Done.debug.xcconfig"; sourceTree = "<group>"; };
/* End PBXFileReference section */

/* Begin PBXFrameworksBuildPhase section */
		10202DDE211A4AB8002A436F /* Frameworks */ = {
			isa = PBXFrameworksBuildPhase;
			buildActionMask = 2147483647;
			files = (
				E508B128546CEAABE3D55CAE /* Pods_Get_it_Done.framework in Frameworks */,
			);
			runOnlyForDeploymentPostprocessing = 0;
		};
/* End PBXFrameworksBuildPhase section */

/* Begin PBXGroup section */
		10202DD8211A4AB8002A436F = {
			isa = PBXGroup;
			children = (
				10202DE3211A4AB9002A436F /* Get-it-Done */,
				10202DE2211A4AB9002A436F /* Products */,
				B3F0D41BD5B540C3CD285021 /* Pods */,
				FA407EE3C3FB011D5B8943ED /* Frameworks */,
			);
			sourceTree = "<group>";
		};
		10202DE2211A4AB9002A436F /* Products */ = {
			isa = PBXGroup;
			children = (
				10202DE1211A4AB9002A436F /* Get-it-Done.app */,
			);
			name = Products;
			sourceTree = "<group>";
		};
		10202DE3211A4AB9002A436F /* Get-it-Done */ = {
			isa = PBXGroup;
			children = (
				10A63AFF213DE6F100782C19 /* Utils */,
				10202DE4211A4AB9002A436F /* AppDelegate.swift */,
				10202DFB211B307E002A436F /* Controller */,
				10202DFA211B3045002A436F /* Model */,
				10202DFC211B30AF002A436F /* View */,
				10202DFD211B30C6002A436F /* Supporting Files */,
				10202DF0211A4ABB002A436F /* Info.plist */,
			);
			path = "Get-it-Done";
			sourceTree = "<group>";
		};
		10202DFA211B3045002A436F /* Model */ = {
			isa = PBXGroup;
			children = (
				109F818F211FC5EF0022E557 /* Item.swift */,
				109F8191211FC5FB0022E557 /* Category.swift */,
			);
			path = Model;
			sourceTree = "<group>";
		};
		10202DFB211B307E002A436F /* Controller */ = {
			isa = PBXGroup;
			children = (
				10202DE6211A4AB9002A436F /* ListViewController.swift */,
				109F81952120CFF60022E557 /* SwipeCellsTableViewController.swift */,
				109F8193211FCCBD0022E557 /* CategoryViewController.swift */,
			);
			path = Controller;
			sourceTree = "<group>";
		};
		10202DFC211B30AF002A436F /* View */ = {
			isa = PBXGroup;
			children = (
				10202DE8211A4AB9002A436F /* Main.storyboard */,
			);
			path = View;
			sourceTree = "<group>";
		};
		10202DFD211B30C6002A436F /* Supporting Files */ = {
			isa = PBXGroup;
			children = (
				10202DEB211A4ABB002A436F /* Assets.xcassets */,
				10202DED211A4ABB002A436F /* LaunchScreen.storyboard */,
			);
			path = "Supporting Files";
			sourceTree = "<group>";
		};
		10A63AFF213DE6F100782C19 /* Utils */ = {
			isa = PBXGroup;
			children = (
				10A63B00213DE71800782C19 /* Utils.swift */,
			);
			path = Utils;
			sourceTree = "<group>";
		};
		B3F0D41BD5B540C3CD285021 /* Pods */ = {
			isa = PBXGroup;
			children = (
				A6A487F46FEE03F2F9366F8D /* Pods-Get-it-Done.debug.xcconfig */,
				3A247CF046B99C3B842477BF /* Pods-Get-it-Done.release.xcconfig */,
			);
			name = Pods;
			sourceTree = "<group>";
		};
		FA407EE3C3FB011D5B8943ED /* Frameworks */ = {
			isa = PBXGroup;
			children = (
				02A762D104AD70CCBADC11A1 /* Pods_Get_it_Done.framework */,
			);
			name = Frameworks;
			sourceTree = "<group>";
		};
/* End PBXGroup section */

/* Begin PBXNativeTarget section */
		10202DE0211A4AB8002A436F /* Get-it-Done */ = {
			isa = PBXNativeTarget;
			buildConfigurationList = 10202DF3211A4ABB002A436F /* Build configuration list for PBXNativeTarget "Get-it-Done" */;
			buildPhases = (
				A4F5897288F00D19CC141890 /* [CP] Check Pods Manifest.lock */,
				10202DDD211A4AB8002A436F /* Sources */,
				10202DDE211A4AB8002A436F /* Frameworks */,
				10202DDF211A4AB8002A436F /* Resources */,
				5E2C0221C889D8C4FC9A9E3F /* [CP] Embed Pods Frameworks */,
			);
			buildRules = (
			);
			dependencies = (
			);
			name = "Get-it-Done";
			productName = "Get-it-Done";
			productReference = 10202DE1211A4AB9002A436F /* Get-it-Done.app */;
			productType = "com.apple.product-type.application";
		};
/* End PBXNativeTarget section */

/* Begin PBXProject section */
		10202DD9211A4AB8002A436F /* Project object */ = {
			isa = PBXProject;
			attributes = {
				LastSwiftUpdateCheck = 0940;
				LastUpgradeCheck = 0940;
				ORGANIZATIONNAME = "Tory Adderley";
				TargetAttributes = {
					10202DE0211A4AB8002A436F = {
						CreatedOnToolsVersion = 9.4.1;
					};
				};
			};
			buildConfigurationList = 10202DDC211A4AB8002A436F /* Build configuration list for PBXProject "Get-it-Done" */;
			compatibilityVersion = "Xcode 9.3";
			developmentRegion = en;
			hasScannedForEncodings = 0;
			knownRegions = (
				en,
				Base,
			);
			mainGroup = 10202DD8211A4AB8002A436F;
			productRefGroup = 10202DE2211A4AB9002A436F /* Products */;
			projectDirPath = "";
			projectRoot = "";
			targets = (
				10202DE0211A4AB8002A436F /* Get-it-Done */,
			);
		};
/* End PBXProject section */

/* Begin PBXResourcesBuildPhase section */
		10202DDF211A4AB8002A436F /* Resources */ = {
			isa = PBXResourcesBuildPhase;
			buildActionMask = 2147483647;
			files = (
				10202DEF211A4ABB002A436F /* LaunchScreen.storyboard in Resources */,
				10202DEC211A4ABB002A436F /* Assets.xcassets in Resources */,
				10202DEA211A4AB9002A436F /* Main.storyboard in Resources */,
			);
			runOnlyForDeploymentPostprocessing = 0;
		};
/* End PBXResourcesBuildPhase section */

/* Begin PBXShellScriptBuildPhase section */
		5E2C0221C889D8C4FC9A9E3F /* [CP] Embed Pods Frameworks */ = {
			isa = PBXShellScriptBuildPhase;
			buildActionMask = 2147483647;
			files = (
			);
			inputPaths = (
				"${SRCROOT}/Pods/Target Support Files/Pods-Get-it-Done/Pods-Get-it-Done-frameworks.sh",
				"${BUILT_PRODUCTS_DIR}/ChameleonFramework/ChameleonFramework.framework",
				"${BUILT_PRODUCTS_DIR}/Realm/Realm.framework",
				"${BUILT_PRODUCTS_DIR}/RealmSwift/RealmSwift.framework",
				"${BUILT_PRODUCTS_DIR}/SCLAlertView/SCLAlertView.framework",
				"${BUILT_PRODUCTS_DIR}/SwipeCellKit/SwipeCellKit.framework",
				"${BUILT_PRODUCTS_DIR}/TableViewReloadAnimation/TableViewReloadAnimation.framework",
			);
			name = "[CP] Embed Pods Frameworks";
			outputPaths = (
				"${TARGET_BUILD_DIR}/${FRAMEWORKS_FOLDER_PATH}/ChameleonFramework.framework",
				"${TARGET_BUILD_DIR}/${FRAMEWORKS_FOLDER_PATH}/Realm.framework",
				"${TARGET_BUILD_DIR}/${FRAMEWORKS_FOLDER_PATH}/RealmSwift.framework",
				"${TARGET_BUILD_DIR}/${FRAMEWORKS_FOLDER_PATH}/SCLAlertView.framework",
				"${TARGET_BUILD_DIR}/${FRAMEWORKS_FOLDER_PATH}/SwipeCellKit.framework",
				"${TARGET_BUILD_DIR}/${FRAMEWORKS_FOLDER_PATH}/TableViewReloadAnimation.framework",
			);
			runOnlyForDeploymentPostprocessing = 0;
			shellPath = /bin/sh;
			shellScript = "\"${SRCROOT}/Pods/Target Support Files/Pods-Get-it-Done/Pods-Get-it-Done-frameworks.sh\"\n";
			showEnvVarsInLog = 0;
		};
		A4F5897288F00D19CC141890 /* [CP] Check Pods Manifest.lock */ = {
			isa = PBXShellScriptBuildPhase;
			buildActionMask = 2147483647;
			files = (
			);
			inputPaths = (
				"${PODS_PODFILE_DIR_PATH}/Podfile.lock",
				"${PODS_ROOT}/Manifest.lock",
			);
			name = "[CP] Check Pods Manifest.lock";
			outputPaths = (
				"$(DERIVED_FILE_DIR)/Pods-Get-it-Done-checkManifestLockResult.txt",
			);
			runOnlyForDeploymentPostprocessing = 0;
			shellPath = /bin/sh;
			shellScript = "diff \"${PODS_PODFILE_DIR_PATH}/Podfile.lock\" \"${PODS_ROOT}/Manifest.lock\" > /dev/null\nif [ $? != 0 ] ; then\n    # print error to STDERR\n    echo \"error: The sandbox is not in sync with the Podfile.lock. Run 'pod install' or update your CocoaPods installation.\" >&2\n    exit 1\nfi\n# This output is used by Xcode 'outputs' to avoid re-running this script phase.\necho \"SUCCESS\" > \"${SCRIPT_OUTPUT_FILE_0}\"\n";
			showEnvVarsInLog = 0;
		};
/* End PBXShellScriptBuildPhase section */

/* Begin PBXSourcesBuildPhase section */
		10202DDD211A4AB8002A436F /* Sources */ = {
			isa = PBXSourcesBuildPhase;
			buildActionMask = 2147483647;
			files = (
				109F8194211FCCBD0022E557 /* CategoryViewController.swift in Sources */,
				109F8190211FC5EF0022E557 /* Item.swift in Sources */,
				109F81962120CFF60022E557 /* SwipeCellsTableViewController.swift in Sources */,
				10A63B01213DE71800782C19 /* Utils.swift in Sources */,
				109F8192211FC5FB0022E557 /* Category.swift in Sources */,
				10202DE7211A4AB9002A436F /* ListViewController.swift in Sources */,
				10202DE5211A4AB9002A436F /* AppDelegate.swift in Sources */,
			);
			runOnlyForDeploymentPostprocessing = 0;
		};
/* End PBXSourcesBuildPhase section */

/* Begin PBXVariantGroup section */
		10202DE8211A4AB9002A436F /* Main.storyboard */ = {
			isa = PBXVariantGroup;
			children = (
				10202DE9211A4AB9002A436F /* Base */,
			);
			name = Main.storyboard;
			sourceTree = "<group>";
		};
		10202DED211A4ABB002A436F /* LaunchScreen.storyboard */ = {
			isa = PBXVariantGroup;
			children = (
				10202DEE211A4ABB002A436F /* Base */,
			);
			name = LaunchScreen.storyboard;
			sourceTree = "<group>";
		};
/* End PBXVariantGroup section */

/* Begin XCBuildConfiguration section */
		10202DF1211A4ABB002A436F /* Debug */ = {
			isa = XCBuildConfiguration;
			buildSettings = {
				ALWAYS_SEARCH_USER_PATHS = NO;
				CLANG_ANALYZER_NONNULL = YES;
				CLANG_ANALYZER_NUMBER_OBJECT_CONVERSION = YES_AGGRESSIVE;
				CLANG_CXX_LANGUAGE_STANDARD = "gnu++14";
				CLANG_CXX_LIBRARY = "libc++";
				CLANG_ENABLE_MODULES = YES;
				CLANG_ENABLE_OBJC_ARC = YES;
				CLANG_ENABLE_OBJC_WEAK = YES;
				CLANG_WARN_BLOCK_CAPTURE_AUTORELEASING = YES;
				CLANG_WARN_BOOL_CONVERSION = YES;
				CLANG_WARN_COMMA = YES;
				CLANG_WARN_CONSTANT_CONVERSION = YES;
				CLANG_WARN_DEPRECATED_OBJC_IMPLEMENTATIONS = YES;
				CLANG_WARN_DIRECT_OBJC_ISA_USAGE = YES_ERROR;
				CLANG_WARN_DOCUMENTATION_COMMENTS = YES;
				CLANG_WARN_EMPTY_BODY = YES;
				CLANG_WARN_ENUM_CONVERSION = YES;
				CLANG_WARN_INFINITE_RECURSION = YES;
				CLANG_WARN_INT_CONVERSION = YES;
				CLANG_WARN_NON_LITERAL_NULL_CONVERSION = YES;
				CLANG_WARN_OBJC_IMPLICIT_RETAIN_SELF = YES;
				CLANG_WARN_OBJC_LITERAL_CONVERSION = YES;
				CLANG_WARN_OBJC_ROOT_CLASS = YES_ERROR;
				CLANG_WARN_RANGE_LOOP_ANALYSIS = YES;
				CLANG_WARN_STRICT_PROTOTYPES = YES;
				CLANG_WARN_SUSPICIOUS_MOVE = YES;
				CLANG_WARN_UNGUARDED_AVAILABILITY = YES_AGGRESSIVE;
				CLANG_WARN_UNREACHABLE_CODE = YES;
				CLANG_WARN__DUPLICATE_METHOD_MATCH = YES;
				CODE_SIGN_IDENTITY = "iPhone Developer";
				COPY_PHASE_STRIP = NO;
				DEBUG_INFORMATION_FORMAT = dwarf;
				ENABLE_STRICT_OBJC_MSGSEND = YES;
				ENABLE_TESTABILITY = YES;
				GCC_C_LANGUAGE_STANDARD = gnu11;
				GCC_DYNAMIC_NO_PIC = NO;
				GCC_NO_COMMON_BLOCKS = YES;
				GCC_OPTIMIZATION_LEVEL = 0;
				GCC_PREPROCESSOR_DEFINITIONS = (
					"DEBUG=1",
					"$(inherited)",
				);
				GCC_WARN_64_TO_32_BIT_CONVERSION = YES;
				GCC_WARN_ABOUT_RETURN_TYPE = YES_ERROR;
				GCC_WARN_UNDECLARED_SELECTOR = YES;
				GCC_WARN_UNINITIALIZED_AUTOS = YES_AGGRESSIVE;
				GCC_WARN_UNUSED_FUNCTION = YES;
				GCC_WARN_UNUSED_VARIABLE = YES;
				IPHONEOS_DEPLOYMENT_TARGET = 11.4;
				MTL_ENABLE_DEBUG_INFO = YES;
				ONLY_ACTIVE_ARCH = YES;
				SDKROOT = iphoneos;
				SWIFT_ACTIVE_COMPILATION_CONDITIONS = DEBUG;
				SWIFT_OPTIMIZATION_LEVEL = "-Onone";
			};
			name = Debug;
		};
		10202DF2211A4ABB002A436F /* Release */ = {
			isa = XCBuildConfiguration;
			buildSettings = {
				ALWAYS_SEARCH_USER_PATHS = NO;
				CLANG_ANALYZER_NONNULL = YES;
				CLANG_ANALYZER_NUMBER_OBJECT_CONVERSION = YES_AGGRESSIVE;
				CLANG_CXX_LANGUAGE_STANDARD = "gnu++14";
				CLANG_CXX_LIBRARY = "libc++";
				CLANG_ENABLE_MODULES = YES;
				CLANG_ENABLE_OBJC_ARC = YES;
				CLANG_ENABLE_OBJC_WEAK = YES;
				CLANG_WARN_BLOCK_CAPTURE_AUTORELEASING = YES;
				CLANG_WARN_BOOL_CONVERSION = YES;
				CLANG_WARN_COMMA = YES;
				CLANG_WARN_CONSTANT_CONVERSION = YES;
				CLANG_WARN_DEPRECATED_OBJC_IMPLEMENTATIONS = YES;
				CLANG_WARN_DIRECT_OBJC_ISA_USAGE = YES_ERROR;
				CLANG_WARN_DOCUMENTATION_COMMENTS = YES;
				CLANG_WARN_EMPTY_BODY = YES;
				CLANG_WARN_ENUM_CONVERSION = YES;
				CLANG_WARN_INFINITE_RECURSION = YES;
				CLANG_WARN_INT_CONVERSION = YES;
				CLANG_WARN_NON_LITERAL_NULL_CONVERSION = YES;
				CLANG_WARN_OBJC_IMPLICIT_RETAIN_SELF = YES;
				CLANG_WARN_OBJC_LITERAL_CONVERSION = YES;
				CLANG_WARN_OBJC_ROOT_CLASS = YES_ERROR;
				CLANG_WARN_RANGE_LOOP_ANALYSIS = YES;
				CLANG_WARN_STRICT_PROTOTYPES = YES;
				CLANG_WARN_SUSPICIOUS_MOVE = YES;
				CLANG_WARN_UNGUARDED_AVAILABILITY = YES_AGGRESSIVE;
				CLANG_WARN_UNREACHABLE_CODE = YES;
				CLANG_WARN__DUPLICATE_METHOD_MATCH = YES;
				CODE_SIGN_IDENTITY = "iPhone Developer";
				COPY_PHASE_STRIP = NO;
				DEBUG_INFORMATION_FORMAT = "dwarf-with-dsym";
				ENABLE_NS_ASSERTIONS = NO;
				ENABLE_STRICT_OBJC_MSGSEND = YES;
				GCC_C_LANGUAGE_STANDARD = gnu11;
				GCC_NO_COMMON_BLOCKS = YES;
				GCC_WARN_64_TO_32_BIT_CONVERSION = YES;
				GCC_WARN_ABOUT_RETURN_TYPE = YES_ERROR;
				GCC_WARN_UNDECLARED_SELECTOR = YES;
				GCC_WARN_UNINITIALIZED_AUTOS = YES_AGGRESSIVE;
				GCC_WARN_UNUSED_FUNCTION = YES;
				GCC_WARN_UNUSED_VARIABLE = YES;
				IPHONEOS_DEPLOYMENT_TARGET = 11.4;
				MTL_ENABLE_DEBUG_INFO = NO;
				SDKROOT = iphoneos;
				SWIFT_COMPILATION_MODE = wholemodule;
				SWIFT_OPTIMIZATION_LEVEL = "-O";
				VALIDATE_PRODUCT = YES;
			};
			name = Release;
		};
		10202DF4211A4ABB002A436F /* Debug */ = {
			isa = XCBuildConfiguration;
			baseConfigurationReference = A6A487F46FEE03F2F9366F8D /* Pods-Get-it-Done.debug.xcconfig */;
			buildSettings = {
				ASSETCATALOG_COMPILER_APPICON_NAME = AppIcon;
				CODE_SIGN_STYLE = Automatic;
				DEVELOPMENT_TEAM = KD79WUW342;
				INFOPLIST_FILE = "Get-it-Done/Info.plist";
				LD_RUNPATH_SEARCH_PATHS = (
					"$(inherited)",
					"@executable_path/Frameworks",
				);
				PRODUCT_BUNDLE_IDENTIFIER = "com.toryadderley.Get-it-Done";
				PRODUCT_NAME = "$(TARGET_NAME)";
				SWIFT_VERSION = 4.0;
				TARGETED_DEVICE_FAMILY = "1,2";
			};
			name = Debug;
		};
		10202DF5211A4ABB002A436F /* Release */ = {
			isa = XCBuildConfiguration;
			baseConfigurationReference = 3A247CF046B99C3B842477BF /* Pods-Get-it-Done.release.xcconfig */;
			buildSettings = {
				ASSETCATALOG_COMPILER_APPICON_NAME = AppIcon;
				CODE_SIGN_STYLE = Automatic;
				DEVELOPMENT_TEAM = KD79WUW342;
				INFOPLIST_FILE = "Get-it-Done/Info.plist";
				LD_RUNPATH_SEARCH_PATHS = (
					"$(inherited)",
					"@executable_path/Frameworks",
				);
				PRODUCT_BUNDLE_IDENTIFIER = "com.toryadderley.Get-it-Done";
				PRODUCT_NAME = "$(TARGET_NAME)";
				SWIFT_VERSION = 4.0;
				TARGETED_DEVICE_FAMILY = "1,2";
			};
			name = Release;
		};
/* End XCBuildConfiguration section */

/* Begin XCConfigurationList section */
		10202DDC211A4AB8002A436F /* Build configuration list for PBXProject "Get-it-Done" */ = {
			isa = XCConfigurationList;
			buildConfigurations = (
				10202DF1211A4ABB002A436F /* Debug */,
				10202DF2211A4ABB002A436F /* Release */,
			);
			defaultConfigurationIsVisible = 0;
			defaultConfigurationName = Release;
		};
		10202DF3211A4ABB002A436F /* Build configuration list for PBXNativeTarget "Get-it-Done" */ = {
			isa = XCConfigurationList;
			buildConfigurations = (
				10202DF4211A4ABB002A436F /* Debug */,
				10202DF5211A4ABB002A436F /* Release */,
			);
			defaultConfigurationIsVisible = 0;
			defaultConfigurationName = Release;
		};
/* End XCConfigurationList section */
	};
	rootObject = 10202DD9211A4AB8002A436F /* Project object */;
}
